// !$*UTF8*$!
{
	archiveVersion = 1;
	classes = {
	};
	objectVersion = 46;
	objects = {

/* Begin PBXBuildFile section */
		6B61E9901D2D816900BD35A5 /* Dashboard.storyboard in Resources */ = {isa = PBXBuildFile; fileRef = 6B61E98F1D2D816900BD35A5 /* Dashboard.storyboard */; };
		6B61E9931D2D83D000BD35A5 /* LoLChampion.swift in Sources */ = {isa = PBXBuildFile; fileRef = 6B61E9921D2D83D000BD35A5 /* LoLChampion.swift */; };
		6B61E9961D2D858900BD35A5 /* Cartfile in Resources */ = {isa = PBXBuildFile; fileRef = 6B61E9951D2D858900BD35A5 /* Cartfile */; };
		6B61E9981D2D920D00BD35A5 /* Alamofire.framework in Frameworks */ = {isa = PBXBuildFile; fileRef = 6B61E9971D2D920D00BD35A5 /* Alamofire.framework */; };
		6B81658E1D377ED300BE4699 /* UIColor+ColorFromString.swift in Sources */ = {isa = PBXBuildFile; fileRef = 6B81658D1D377ED300BE4699 /* UIColor+ColorFromString.swift */; };
		6BC76A3F1D3254C200E8BFF4 /* ChampionsVC.swift in Sources */ = {isa = PBXBuildFile; fileRef = 6BC76A3E1D3254C200E8BFF4 /* ChampionsVC.swift */; };
		6BC76A411D32550B00E8BFF4 /* ChampionsCell.swift in Sources */ = {isa = PBXBuildFile; fileRef = 6BC76A401D32550B00E8BFF4 /* ChampionsCell.swift */; };
		6BC76A431D32573F00E8BFF4 /* ChampionsController.swift in Sources */ = {isa = PBXBuildFile; fileRef = 6BC76A421D32573F00E8BFF4 /* ChampionsController.swift */; };
		6BC76A461D325B9800E8BFF4 /* PListStorage.swift in Sources */ = {isa = PBXBuildFile; fileRef = 6BC76A451D325B9800E8BFF4 /* PListStorage.swift */; };
		6BC76A481D325E3000E8BFF4 /* ChampionsRequest.swift in Sources */ = {isa = PBXBuildFile; fileRef = 6BC76A471D325E3000E8BFF4 /* ChampionsRequest.swift */; };
		6BC76A4A1D32654800E8BFF4 /* AlamofireConnection.swift in Sources */ = {isa = PBXBuildFile; fileRef = 6BC76A491D32654800E8BFF4 /* AlamofireConnection.swift */; };
		6BC76A4C1D32658200E8BFF4 /* RequestProtocol.swift in Sources */ = {isa = PBXBuildFile; fileRef = 6BC76A4B1D32658200E8BFF4 /* RequestProtocol.swift */; };
		6BC76A4E1D32676A00E8BFF4 /* JSONResponse.swift in Sources */ = {isa = PBXBuildFile; fileRef = 6BC76A4D1D32676A00E8BFF4 /* JSONResponse.swift */; };
		6BC76A501D3269C000E8BFF4 /* ConnectionProtocol.swift in Sources */ = {isa = PBXBuildFile; fileRef = 6BC76A4F1D3269C000E8BFF4 /* ConnectionProtocol.swift */; };
		6BC76A521D3283EF00E8BFF4 /* ChampionsInterpreter.swift in Sources */ = {isa = PBXBuildFile; fileRef = 6BC76A511D3283EF00E8BFF4 /* ChampionsInterpreter.swift */; };
		6BE3AF851D299A7600076F50 /* AppDelegate.swift in Sources */ = {isa = PBXBuildFile; fileRef = 6BE3AF841D299A7600076F50 /* AppDelegate.swift */; };
		6BE3AF8F1D299A7600076F50 /* LaunchScreen.storyboard in Resources */ = {isa = PBXBuildFile; fileRef = 6BE3AF8D1D299A7600076F50 /* LaunchScreen.storyboard */; };
		6BE3AF9A1D299A7700076F50 /* LoLSkinsTests.swift in Sources */ = {isa = PBXBuildFile; fileRef = 6BE3AF991D299A7700076F50 /* LoLSkinsTests.swift */; };
		6BE3AFA51D299A7700076F50 /* LoLSkinsUITests.swift in Sources */ = {isa = PBXBuildFile; fileRef = 6BE3AFA41D299A7700076F50 /* LoLSkinsUITests.swift */; };
		998225011E27EC680011CB28 /* AlamofireImage.framework in Frameworks */ = {isa = PBXBuildFile; fileRef = 998225001E27EC680011CB28 /* AlamofireImage.framework */; };
		998225031E27EC770011CB28 /* ReactiveSwift.framework in Frameworks */ = {isa = PBXBuildFile; fileRef = 998225021E27EC770011CB28 /* ReactiveSwift.framework */; };
		998225051E27EC880011CB28 /* SwiftyJSON.framework in Frameworks */ = {isa = PBXBuildFile; fileRef = 998225041E27EC880011CB28 /* SwiftyJSON.framework */; };
		998225071E27ECFC0011CB28 /* Result.framework in Frameworks */ = {isa = PBXBuildFile; fileRef = 998225061E27ECFC0011CB28 /* Result.framework */; };
		998225091E27ED310011CB28 /* Assets.xcassets in Resources */ = {isa = PBXBuildFile; fileRef = 998225081E27ED310011CB28 /* Assets.xcassets */; };
		9982250B1E28143E0011CB28 /* .gitignore in Resources */ = {isa = PBXBuildFile; fileRef = 9982250A1E28143E0011CB28 /* .gitignore */; };
		9982250D1E2814670011CB28 /* APIKey.plist in Resources */ = {isa = PBXBuildFile; fileRef = 9982250C1E2814670011CB28 /* APIKey.plist */; };
/* End PBXBuildFile section */

/* Begin PBXContainerItemProxy section */
		6BE3AF961D299A7700076F50 /* PBXContainerItemProxy */ = {
			isa = PBXContainerItemProxy;
			containerPortal = 6BE3AF791D299A7500076F50 /* Project object */;
			proxyType = 1;
			remoteGlobalIDString = 6BE3AF801D299A7500076F50;
			remoteInfo = LoLSkins;
		};
		6BE3AFA11D299A7700076F50 /* PBXContainerItemProxy */ = {
			isa = PBXContainerItemProxy;
			containerPortal = 6BE3AF791D299A7500076F50 /* Project object */;
			proxyType = 1;
			remoteGlobalIDString = 6BE3AF801D299A7500076F50;
			remoteInfo = LoLSkins;
		};
/* End PBXContainerItemProxy section */

/* Begin PBXFileReference section */
		6B61E98F1D2D816900BD35A5 /* Dashboard.storyboard */ = {isa = PBXFileReference; fileEncoding = 4; lastKnownFileType = file.storyboard; path = Dashboard.storyboard; sourceTree = "<group>"; };
		6B61E9921D2D83D000BD35A5 /* LoLChampion.swift */ = {isa = PBXFileReference; fileEncoding = 4; lastKnownFileType = sourcecode.swift; path = LoLChampion.swift; sourceTree = "<group>"; };
		6B61E9951D2D858900BD35A5 /* Cartfile */ = {isa = PBXFileReference; fileEncoding = 4; lastKnownFileType = text; path = Cartfile; sourceTree = "<group>"; };
		6B61E9971D2D920D00BD35A5 /* Alamofire.framework */ = {isa = PBXFileReference; lastKnownFileType = wrapper.framework; name = Alamofire.framework; path = Carthage/Build/iOS/Alamofire.framework; sourceTree = "<group>"; };
		6B81658D1D377ED300BE4699 /* UIColor+ColorFromString.swift */ = {isa = PBXFileReference; fileEncoding = 4; lastKnownFileType = sourcecode.swift; path = "UIColor+ColorFromString.swift"; sourceTree = "<group>"; };
		6BC76A3E1D3254C200E8BFF4 /* ChampionsVC.swift */ = {isa = PBXFileReference; fileEncoding = 4; lastKnownFileType = sourcecode.swift; path = ChampionsVC.swift; sourceTree = "<group>"; };
		6BC76A401D32550B00E8BFF4 /* ChampionsCell.swift */ = {isa = PBXFileReference; fileEncoding = 4; lastKnownFileType = sourcecode.swift; path = ChampionsCell.swift; sourceTree = "<group>"; };
		6BC76A421D32573F00E8BFF4 /* ChampionsController.swift */ = {isa = PBXFileReference; fileEncoding = 4; lastKnownFileType = sourcecode.swift; path = ChampionsController.swift; sourceTree = "<group>"; };
		6BC76A451D325B9800E8BFF4 /* PListStorage.swift */ = {isa = PBXFileReference; fileEncoding = 4; lastKnownFileType = sourcecode.swift; path = PListStorage.swift; sourceTree = "<group>"; };
		6BC76A471D325E3000E8BFF4 /* ChampionsRequest.swift */ = {isa = PBXFileReference; fileEncoding = 4; lastKnownFileType = sourcecode.swift; path = ChampionsRequest.swift; sourceTree = "<group>"; };
		6BC76A491D32654800E8BFF4 /* AlamofireConnection.swift */ = {isa = PBXFileReference; fileEncoding = 4; lastKnownFileType = sourcecode.swift; path = AlamofireConnection.swift; sourceTree = "<group>"; };
		6BC76A4B1D32658200E8BFF4 /* RequestProtocol.swift */ = {isa = PBXFileReference; fileEncoding = 4; lastKnownFileType = sourcecode.swift; path = RequestProtocol.swift; sourceTree = "<group>"; };
		6BC76A4D1D32676A00E8BFF4 /* JSONResponse.swift */ = {isa = PBXFileReference; fileEncoding = 4; lastKnownFileType = sourcecode.swift; path = JSONResponse.swift; sourceTree = "<group>"; };
		6BC76A4F1D3269C000E8BFF4 /* ConnectionProtocol.swift */ = {isa = PBXFileReference; fileEncoding = 4; lastKnownFileType = sourcecode.swift; path = ConnectionProtocol.swift; sourceTree = "<group>"; };
		6BC76A511D3283EF00E8BFF4 /* ChampionsInterpreter.swift */ = {isa = PBXFileReference; fileEncoding = 4; lastKnownFileType = sourcecode.swift; path = ChampionsInterpreter.swift; sourceTree = "<group>"; };
		6BE3AF811D299A7500076F50 /* LoLSkins.app */ = {isa = PBXFileReference; explicitFileType = wrapper.application; includeInIndex = 0; path = LoLSkins.app; sourceTree = BUILT_PRODUCTS_DIR; };
		6BE3AF841D299A7600076F50 /* AppDelegate.swift */ = {isa = PBXFileReference; lastKnownFileType = sourcecode.swift; path = AppDelegate.swift; sourceTree = "<group>"; };
		6BE3AF8E1D299A7600076F50 /* Base */ = {isa = PBXFileReference; lastKnownFileType = file.storyboard; name = Base; path = Base.lproj/LaunchScreen.storyboard; sourceTree = "<group>"; };
		6BE3AF901D299A7600076F50 /* Info.plist */ = {isa = PBXFileReference; lastKnownFileType = text.plist.xml; path = Info.plist; sourceTree = "<group>"; };
		6BE3AF951D299A7700076F50 /* LoLSkinsTests.xctest */ = {isa = PBXFileReference; explicitFileType = wrapper.cfbundle; includeInIndex = 0; path = LoLSkinsTests.xctest; sourceTree = BUILT_PRODUCTS_DIR; };
		6BE3AF991D299A7700076F50 /* LoLSkinsTests.swift */ = {isa = PBXFileReference; lastKnownFileType = sourcecode.swift; path = LoLSkinsTests.swift; sourceTree = "<group>"; };
		6BE3AF9B1D299A7700076F50 /* Info.plist */ = {isa = PBXFileReference; lastKnownFileType = text.plist.xml; path = Info.plist; sourceTree = "<group>"; };
		6BE3AFA01D299A7700076F50 /* LoLSkinsUITests.xctest */ = {isa = PBXFileReference; explicitFileType = wrapper.cfbundle; includeInIndex = 0; path = LoLSkinsUITests.xctest; sourceTree = BUILT_PRODUCTS_DIR; };
		6BE3AFA41D299A7700076F50 /* LoLSkinsUITests.swift */ = {isa = PBXFileReference; lastKnownFileType = sourcecode.swift; path = LoLSkinsUITests.swift; sourceTree = "<group>"; };
		6BE3AFA61D299A7700076F50 /* Info.plist */ = {isa = PBXFileReference; lastKnownFileType = text.plist.xml; path = Info.plist; sourceTree = "<group>"; };
		998225001E27EC680011CB28 /* AlamofireImage.framework */ = {isa = PBXFileReference; lastKnownFileType = wrapper.framework; name = AlamofireImage.framework; path = Carthage/Build/iOS/AlamofireImage.framework; sourceTree = "<group>"; };
		998225021E27EC770011CB28 /* ReactiveSwift.framework */ = {isa = PBXFileReference; lastKnownFileType = wrapper.framework; name = ReactiveSwift.framework; path = Carthage/Build/iOS/ReactiveSwift.framework; sourceTree = "<group>"; };
		998225041E27EC880011CB28 /* SwiftyJSON.framework */ = {isa = PBXFileReference; lastKnownFileType = wrapper.framework; name = SwiftyJSON.framework; path = Carthage/Build/iOS/SwiftyJSON.framework; sourceTree = "<group>"; };
		998225061E27ECFC0011CB28 /* Result.framework */ = {isa = PBXFileReference; lastKnownFileType = wrapper.framework; name = Result.framework; path = Carthage/Build/iOS/Result.framework; sourceTree = "<group>"; };
		998225081E27ED310011CB28 /* Assets.xcassets */ = {isa = PBXFileReference; lastKnownFileType = folder.assetcatalog; path = Assets.xcassets; sourceTree = "<group>"; };
		9982250A1E28143E0011CB28 /* .gitignore */ = {isa = PBXFileReference; fileEncoding = 4; lastKnownFileType = text; path = .gitignore; sourceTree = "<group>"; };
		9982250C1E2814670011CB28 /* APIKey.plist */ = {isa = PBXFileReference; fileEncoding = 4; lastKnownFileType = text.plist.xml; path = APIKey.plist; sourceTree = "<group>"; };
/* End PBXFileReference section */

/* Begin PBXFrameworksBuildPhase section */
		6BE3AF7E1D299A7500076F50 /* Frameworks */ = {
			isa = PBXFrameworksBuildPhase;
			buildActionMask = 2147483647;
			files = (
				6B61E9981D2D920D00BD35A5 /* Alamofire.framework in Frameworks */,
				998225051E27EC880011CB28 /* SwiftyJSON.framework in Frameworks */,
				998225071E27ECFC0011CB28 /* Result.framework in Frameworks */,
				998225011E27EC680011CB28 /* AlamofireImage.framework in Frameworks */,
				998225031E27EC770011CB28 /* ReactiveSwift.framework in Frameworks */,
			);
			runOnlyForDeploymentPostprocessing = 0;
		};
		6BE3AF921D299A7700076F50 /* Frameworks */ = {
			isa = PBXFrameworksBuildPhase;
			buildActionMask = 2147483647;
			files = (
			);
			runOnlyForDeploymentPostprocessing = 0;
		};
		6BE3AF9D1D299A7700076F50 /* Frameworks */ = {
			isa = PBXFrameworksBuildPhase;
			buildActionMask = 2147483647;
			files = (
			);
			runOnlyForDeploymentPostprocessing = 0;
		};
/* End PBXFrameworksBuildPhase section */

/* Begin PBXGroup section */
		6B61E98A1D2D810200BD35A5 /* Controllers */ = {
			isa = PBXGroup;
			children = (
				6BC76A421D32573F00E8BFF4 /* ChampionsController.swift */,
			);
			path = Controllers;
			sourceTree = "<group>";
		};
		6B61E98B1D2D811500BD35A5 /* Connection */ = {
			isa = PBXGroup;
			children = (
				6B61E9941D2D845800BD35A5 /* Requests */,
				6BC76A4F1D3269C000E8BFF4 /* ConnectionProtocol.swift */,
				6BC76A491D32654800E8BFF4 /* AlamofireConnection.swift */,
				6BC76A4D1D32676A00E8BFF4 /* JSONResponse.swift */,
			);
			path = Connection;
			sourceTree = "<group>";
		};
		6B61E98C1D2D812100BD35A5 /* Models */ = {
			isa = PBXGroup;
			children = (
				6B61E9921D2D83D000BD35A5 /* LoLChampion.swift */,
			);
			path = Models;
			sourceTree = "<group>";
		};
		6B61E98D1D2D812800BD35A5 /* Storyboards */ = {
			isa = PBXGroup;
			children = (
				6B61E98F1D2D816900BD35A5 /* Dashboard.storyboard */,
				6BE3AF8D1D299A7600076F50 /* LaunchScreen.storyboard */,
			);
			path = Storyboards;
			sourceTree = "<group>";
		};
		6B61E98E1D2D812D00BD35A5 /* ViewControllers */ = {
			isa = PBXGroup;
			children = (
				6BC76A3E1D3254C200E8BFF4 /* ChampionsVC.swift */,
			);
			path = ViewControllers;
			sourceTree = "<group>";
		};
		6B61E9911D2D81CA00BD35A5 /* Resources */ = {
			isa = PBXGroup;
			children = (
			);
			path = Resources;
			sourceTree = "<group>";
		};
		6B61E9941D2D845800BD35A5 /* Requests */ = {
			isa = PBXGroup;
			children = (
				6BC76A4B1D32658200E8BFF4 /* RequestProtocol.swift */,
				6BC76A471D325E3000E8BFF4 /* ChampionsRequest.swift */,
			);
			path = Requests;
			sourceTree = "<group>";
		};
		6B81658C1D377EAE00BE4699 /* Extensions */ = {
			isa = PBXGroup;
			children = (
				6B81658D1D377ED300BE4699 /* UIColor+ColorFromString.swift */,
			);
			path = Extensions;
			sourceTree = "<group>";
		};
		6BC76A3C1D3253D200E8BFF4 /* Views */ = {
			isa = PBXGroup;
			children = (
				6BC76A401D32550B00E8BFF4 /* ChampionsCell.swift */,
			);
			path = Views;
			sourceTree = "<group>";
		};
		6BC76A3D1D3253E100E8BFF4 /* Interpreters */ = {
			isa = PBXGroup;
			children = (
				6BC76A511D3283EF00E8BFF4 /* ChampionsInterpreter.swift */,
			);
			path = Interpreters;
			sourceTree = "<group>";
		};
		6BC76A441D325B8700E8BFF4 /* Storage */ = {
			isa = PBXGroup;
			children = (
				6BC76A451D325B9800E8BFF4 /* PListStorage.swift */,
			);
			path = Storage;
			sourceTree = "<group>";
		};
		6BE3AF781D299A7500076F50 = {
			isa = PBXGroup;
			children = (
				9982250A1E28143E0011CB28 /* .gitignore */,
				6B61E9971D2D920D00BD35A5 /* Alamofire.framework */,
				6B61E9951D2D858900BD35A5 /* Cartfile */,
				6BE3AF831D299A7600076F50 /* LoLSkins */,
				6BE3AF981D299A7700076F50 /* LoLSkinsTests */,
				6BE3AFA31D299A7700076F50 /* LoLSkinsUITests */,
				6BE3AF821D299A7500076F50 /* Products */,
				998224FF1E27EC680011CB28 /* Frameworks */,
			);
			sourceTree = "<group>";
		};
		6BE3AF821D299A7500076F50 /* Products */ = {
			isa = PBXGroup;
			children = (
				6BE3AF811D299A7500076F50 /* LoLSkins.app */,
				6BE3AF951D299A7700076F50 /* LoLSkinsTests.xctest */,
				6BE3AFA01D299A7700076F50 /* LoLSkinsUITests.xctest */,
			);
			name = Products;
			sourceTree = "<group>";
		};
		6BE3AF831D299A7600076F50 /* LoLSkins */ = {
			isa = PBXGroup;
			children = (
				9982250C1E2814670011CB28 /* APIKey.plist */,
				998225081E27ED310011CB28 /* Assets.xcassets */,
				6B61E9911D2D81CA00BD35A5 /* Resources */,
				6BC76A441D325B8700E8BFF4 /* Storage */,
				6B61E98D1D2D812800BD35A5 /* Storyboards */,
				6BC76A3C1D3253D200E8BFF4 /* Views */,
				6B61E98E1D2D812D00BD35A5 /* ViewControllers */,
				6B61E98A1D2D810200BD35A5 /* Controllers */,
				6B61E98C1D2D812100BD35A5 /* Models */,
				6BC76A3D1D3253E100E8BFF4 /* Interpreters */,
				6B81658C1D377EAE00BE4699 /* Extensions */,
				6B61E98B1D2D811500BD35A5 /* Connection */,
				6BE3AF841D299A7600076F50 /* AppDelegate.swift */,
				6BE3AF901D299A7600076F50 /* Info.plist */,
			);
			path = LoLSkins;
			sourceTree = "<group>";
		};
		6BE3AF981D299A7700076F50 /* LoLSkinsTests */ = {
			isa = PBXGroup;
			children = (
				6BE3AF991D299A7700076F50 /* LoLSkinsTests.swift */,
				6BE3AF9B1D299A7700076F50 /* Info.plist */,
			);
			path = LoLSkinsTests;
			sourceTree = "<group>";
		};
		6BE3AFA31D299A7700076F50 /* LoLSkinsUITests */ = {
			isa = PBXGroup;
			children = (
				6BE3AFA41D299A7700076F50 /* LoLSkinsUITests.swift */,
				6BE3AFA61D299A7700076F50 /* Info.plist */,
			);
			path = LoLSkinsUITests;
			sourceTree = "<group>";
		};
		998224FF1E27EC680011CB28 /* Frameworks */ = {
			isa = PBXGroup;
			children = (
				998225061E27ECFC0011CB28 /* Result.framework */,
				998225041E27EC880011CB28 /* SwiftyJSON.framework */,
				998225021E27EC770011CB28 /* ReactiveSwift.framework */,
				998225001E27EC680011CB28 /* AlamofireImage.framework */,
			);
			name = Frameworks;
			sourceTree = "<group>";
		};
/* End PBXGroup section */

/* Begin PBXNativeTarget section */
		6BE3AF801D299A7500076F50 /* LoLSkins */ = {
			isa = PBXNativeTarget;
			buildConfigurationList = 6BE3AFA91D299A7700076F50 /* Build configuration list for PBXNativeTarget "LoLSkins" */;
			buildPhases = (
				6BE3AF7D1D299A7500076F50 /* Sources */,
				6BE3AF7E1D299A7500076F50 /* Frameworks */,
				6BE3AF7F1D299A7500076F50 /* Resources */,
				6B61E99B1D2D923000BD35A5 /* ShellScript */,
			);
			buildRules = (
			);
			dependencies = (
			);
			name = LoLSkins;
			productName = LoLSkins;
			productReference = 6BE3AF811D299A7500076F50 /* LoLSkins.app */;
			productType = "com.apple.product-type.application";
		};
		6BE3AF941D299A7700076F50 /* LoLSkinsTests */ = {
			isa = PBXNativeTarget;
			buildConfigurationList = 6BE3AFAC1D299A7700076F50 /* Build configuration list for PBXNativeTarget "LoLSkinsTests" */;
			buildPhases = (
				6BE3AF911D299A7700076F50 /* Sources */,
				6BE3AF921D299A7700076F50 /* Frameworks */,
				6BE3AF931D299A7700076F50 /* Resources */,
			);
			buildRules = (
			);
			dependencies = (
				6BE3AF971D299A7700076F50 /* PBXTargetDependency */,
			);
			name = LoLSkinsTests;
			productName = LoLSkinsTests;
			productReference = 6BE3AF951D299A7700076F50 /* LoLSkinsTests.xctest */;
			productType = "com.apple.product-type.bundle.unit-test";
		};
		6BE3AF9F1D299A7700076F50 /* LoLSkinsUITests */ = {
			isa = PBXNativeTarget;
			buildConfigurationList = 6BE3AFAF1D299A7700076F50 /* Build configuration list for PBXNativeTarget "LoLSkinsUITests" */;
			buildPhases = (
				6BE3AF9C1D299A7700076F50 /* Sources */,
				6BE3AF9D1D299A7700076F50 /* Frameworks */,
				6BE3AF9E1D299A7700076F50 /* Resources */,
			);
			buildRules = (
			);
			dependencies = (
				6BE3AFA21D299A7700076F50 /* PBXTargetDependency */,
			);
			name = LoLSkinsUITests;
			productName = LoLSkinsUITests;
			productReference = 6BE3AFA01D299A7700076F50 /* LoLSkinsUITests.xctest */;
			productType = "com.apple.product-type.bundle.ui-testing";
		};
/* End PBXNativeTarget section */

/* Begin PBXProject section */
		6BE3AF791D299A7500076F50 /* Project object */ = {
			isa = PBXProject;
			attributes = {
				LastSwiftUpdateCheck = 0730;
				LastUpgradeCheck = 0820;
				ORGANIZATIONNAME = "Zbigniew Górawski";
				TargetAttributes = {
					6BE3AF801D299A7500076F50 = {
						CreatedOnToolsVersion = 7.3.1;
						DevelopmentTeam = 9N8WSR7KDY;
						LastSwiftMigration = 0820;
					};
					6BE3AF941D299A7700076F50 = {
						CreatedOnToolsVersion = 7.3.1;
						DevelopmentTeam = 9N8WSR7KDY;
						LastSwiftMigration = 0820;
						TestTargetID = 6BE3AF801D299A7500076F50;
					};
					6BE3AF9F1D299A7700076F50 = {
						CreatedOnToolsVersion = 7.3.1;
						DevelopmentTeam = 9N8WSR7KDY;
						LastSwiftMigration = 0820;
						TestTargetID = 6BE3AF801D299A7500076F50;
					};
				};
			};
			buildConfigurationList = 6BE3AF7C1D299A7500076F50 /* Build configuration list for PBXProject "LoLSkins" */;
			compatibilityVersion = "Xcode 3.2";
			developmentRegion = English;
			hasScannedForEncodings = 0;
			knownRegions = (
				en,
				Base,
			);
			mainGroup = 6BE3AF781D299A7500076F50;
			productRefGroup = 6BE3AF821D299A7500076F50 /* Products */;
			projectDirPath = "";
			projectRoot = "";
			targets = (
				6BE3AF801D299A7500076F50 /* LoLSkins */,
				6BE3AF941D299A7700076F50 /* LoLSkinsTests */,
				6BE3AF9F1D299A7700076F50 /* LoLSkinsUITests */,
			);
		};
/* End PBXProject section */

/* Begin PBXResourcesBuildPhase section */
		6BE3AF7F1D299A7500076F50 /* Resources */ = {
			isa = PBXResourcesBuildPhase;
			buildActionMask = 2147483647;
			files = (
				9982250B1E28143E0011CB28 /* .gitignore in Resources */,
				6BE3AF8F1D299A7600076F50 /* LaunchScreen.storyboard in Resources */,
				6B61E9961D2D858900BD35A5 /* Cartfile in Resources */,
				9982250D1E2814670011CB28 /* APIKey.plist in Resources */,
				998225091E27ED310011CB28 /* Assets.xcassets in Resources */,
				6B61E9901D2D816900BD35A5 /* Dashboard.storyboard in Resources */,
			);
			runOnlyForDeploymentPostprocessing = 0;
		};
		6BE3AF931D299A7700076F50 /* Resources */ = {
			isa = PBXResourcesBuildPhase;
			buildActionMask = 2147483647;
			files = (
			);
			runOnlyForDeploymentPostprocessing = 0;
		};
		6BE3AF9E1D299A7700076F50 /* Resources */ = {
			isa = PBXResourcesBuildPhase;
			buildActionMask = 2147483647;
			files = (
			);
			runOnlyForDeploymentPostprocessing = 0;
		};
/* End PBXResourcesBuildPhase section */

/* Begin PBXShellScriptBuildPhase section */
		6B61E99B1D2D923000BD35A5 /* ShellScript */ = {
			isa = PBXShellScriptBuildPhase;
			buildActionMask = 2147483647;
			files = (
			);
			inputPaths = (
				"$(SRCROOT)/Carthage/Build/iOS/Alamofire.framework",
				"$(SRCROOT)/Carthage/Build/iOS/AlamofireImage.framework",
				"$(SRCROOT)/Carthage/Build/iOS/ReactiveSwift.framework",
				"$(SRCROOT)/Carthage/Build/iOS/Result.framework",
				"$(SRCROOT)/Carthage/Build/iOS/SwiftyJSON.framework",
			);
			outputPaths = (
			);
			runOnlyForDeploymentPostprocessing = 0;
			shellPath = /bin/sh;
			shellScript = "/usr/local/bin/carthage copy-frameworks";
		};
/* End PBXShellScriptBuildPhase section */

/* Begin PBXSourcesBuildPhase section */
		6BE3AF7D1D299A7500076F50 /* Sources */ = {
			isa = PBXSourcesBuildPhase;
			buildActionMask = 2147483647;
			files = (
				6BC76A4C1D32658200E8BFF4 /* RequestProtocol.swift in Sources */,
				6B81658E1D377ED300BE4699 /* UIColor+ColorFromString.swift in Sources */,
				6BC76A431D32573F00E8BFF4 /* ChampionsController.swift in Sources */,
				6BC76A411D32550B00E8BFF4 /* ChampionsCell.swift in Sources */,
				6B61E9931D2D83D000BD35A5 /* LoLChampion.swift in Sources */,
				6BC76A3F1D3254C200E8BFF4 /* ChampionsVC.swift in Sources */,
				6BC76A4A1D32654800E8BFF4 /* AlamofireConnection.swift in Sources */,
				6BC76A461D325B9800E8BFF4 /* PListStorage.swift in Sources */,
				6BC76A521D3283EF00E8BFF4 /* ChampionsInterpreter.swift in Sources */,
				6BE3AF851D299A7600076F50 /* AppDelegate.swift in Sources */,
				6BC76A4E1D32676A00E8BFF4 /* JSONResponse.swift in Sources */,
				6BC76A481D325E3000E8BFF4 /* ChampionsRequest.swift in Sources */,
				6BC76A501D3269C000E8BFF4 /* ConnectionProtocol.swift in Sources */,
			);
			runOnlyForDeploymentPostprocessing = 0;
		};
		6BE3AF911D299A7700076F50 /* Sources */ = {
			isa = PBXSourcesBuildPhase;
			buildActionMask = 2147483647;
			files = (
				6BE3AF9A1D299A7700076F50 /* LoLSkinsTests.swift in Sources */,
			);
			runOnlyForDeploymentPostprocessing = 0;
		};
		6BE3AF9C1D299A7700076F50 /* Sources */ = {
			isa = PBXSourcesBuildPhase;
			buildActionMask = 2147483647;
			files = (
				6BE3AFA51D299A7700076F50 /* LoLSkinsUITests.swift in Sources */,
			);
			runOnlyForDeploymentPostprocessing = 0;
		};
/* End PBXSourcesBuildPhase section */

/* Begin PBXTargetDependency section */
		6BE3AF971D299A7700076F50 /* PBXTargetDependency */ = {
			isa = PBXTargetDependency;
			target = 6BE3AF801D299A7500076F50 /* LoLSkins */;
			targetProxy = 6BE3AF961D299A7700076F50 /* PBXContainerItemProxy */;
		};
		6BE3AFA21D299A7700076F50 /* PBXTargetDependency */ = {
			isa = PBXTargetDependency;
			target = 6BE3AF801D299A7500076F50 /* LoLSkins */;
			targetProxy = 6BE3AFA11D299A7700076F50 /* PBXContainerItemProxy */;
		};
/* End PBXTargetDependency section */

/* Begin PBXVariantGroup section */
		6BE3AF8D1D299A7600076F50 /* LaunchScreen.storyboard */ = {
			isa = PBXVariantGroup;
			children = (
				6BE3AF8E1D299A7600076F50 /* Base */,
			);
			name = LaunchScreen.storyboard;
			path = ..;
			sourceTree = "<group>";
		};
/* End PBXVariantGroup section */

/* Begin XCBuildConfiguration section */
		6BE3AFA71D299A7700076F50 /* Debug */ = {
			isa = XCBuildConfiguration;
			buildSettings = {
				ALWAYS_SEARCH_USER_PATHS = NO;
				CLANG_ANALYZER_NONNULL = YES;
				CLANG_CXX_LANGUAGE_STANDARD = "gnu++0x";
				CLANG_CXX_LIBRARY = "libc++";
				CLANG_ENABLE_MODULES = YES;
				CLANG_ENABLE_OBJC_ARC = YES;
				CLANG_WARN_BOOL_CONVERSION = YES;
				CLANG_WARN_CONSTANT_CONVERSION = YES;
				CLANG_WARN_DIRECT_OBJC_ISA_USAGE = YES_ERROR;
				CLANG_WARN_EMPTY_BODY = YES;
				CLANG_WARN_ENUM_CONVERSION = YES;
				CLANG_WARN_INFINITE_RECURSION = YES;
				CLANG_WARN_INT_CONVERSION = YES;
				CLANG_WARN_OBJC_ROOT_CLASS = YES_ERROR;
				CLANG_WARN_SUSPICIOUS_MOVE = YES;
				CLANG_WARN_UNREACHABLE_CODE = YES;
				CLANG_WARN__DUPLICATE_METHOD_MATCH = YES;
				"CODE_SIGN_IDENTITY[sdk=iphoneos*]" = "iPhone Developer";
				COPY_PHASE_STRIP = NO;
				DEBUG_INFORMATION_FORMAT = dwarf;
				ENABLE_STRICT_OBJC_MSGSEND = YES;
				ENABLE_TESTABILITY = YES;
				GCC_C_LANGUAGE_STANDARD = gnu99;
				GCC_DYNAMIC_NO_PIC = NO;
				GCC_NO_COMMON_BLOCKS = YES;
				GCC_OPTIMIZATION_LEVEL = 0;
				GCC_PREPROCESSOR_DEFINITIONS = (
					"DEBUG=1",
					"$(inherited)",
				);
				GCC_WARN_64_TO_32_BIT_CONVERSION = YES;
				GCC_WARN_ABOUT_RETURN_TYPE = YES_ERROR;
				GCC_WARN_UNDECLARED_SELECTOR = YES;
				GCC_WARN_UNINITIALIZED_AUTOS = YES_AGGRESSIVE;
				GCC_WARN_UNUSED_FUNCTION = YES;
				GCC_WARN_UNUSED_VARIABLE = YES;
				IPHONEOS_DEPLOYMENT_TARGET = 9.3;
				MTL_ENABLE_DEBUG_INFO = YES;
				ONLY_ACTIVE_ARCH = YES;
				SDKROOT = iphoneos;
				SWIFT_OPTIMIZATION_LEVEL = "-Onone";
				TARGETED_DEVICE_FAMILY = "1,2";
			};
			name = Debug;
		};
		6BE3AFA81D299A7700076F50 /* Release */ = {
			isa = XCBuildConfiguration;
			buildSettings = {
				ALWAYS_SEARCH_USER_PATHS = NO;
				CLANG_ANALYZER_NONNULL = YES;
				CLANG_CXX_LANGUAGE_STANDARD = "gnu++0x";
				CLANG_CXX_LIBRARY = "libc++";
				CLANG_ENABLE_MODULES = YES;
				CLANG_ENABLE_OBJC_ARC = YES;
				CLANG_WARN_BOOL_CONVERSION = YES;
				CLANG_WARN_CONSTANT_CONVERSION = YES;
				CLANG_WARN_DIRECT_OBJC_ISA_USAGE = YES_ERROR;
				CLANG_WARN_EMPTY_BODY = YES;
				CLANG_WARN_ENUM_CONVERSION = YES;
				CLANG_WARN_INFINITE_RECURSION = YES;
				CLANG_WARN_INT_CONVERSION = YES;
				CLANG_WARN_OBJC_ROOT_CLASS = YES_ERROR;
				CLANG_WARN_SUSPICIOUS_MOVE = YES;
				CLANG_WARN_UNREACHABLE_CODE = YES;
				CLANG_WARN__DUPLICATE_METHOD_MATCH = YES;
				"CODE_SIGN_IDENTITY[sdk=iphoneos*]" = "iPhone Developer";
				COPY_PHASE_STRIP = NO;
				DEBUG_INFORMATION_FORMAT = "dwarf-with-dsym";
				ENABLE_NS_ASSERTIONS = NO;
				ENABLE_STRICT_OBJC_MSGSEND = YES;
				GCC_C_LANGUAGE_STANDARD = gnu99;
				GCC_NO_COMMON_BLOCKS = YES;
				GCC_WARN_64_TO_32_BIT_CONVERSION = YES;
				GCC_WARN_ABOUT_RETURN_TYPE = YES_ERROR;
				GCC_WARN_UNDECLARED_SELECTOR = YES;
				GCC_WARN_UNINITIALIZED_AUTOS = YES_AGGRESSIVE;
				GCC_WARN_UNUSED_FUNCTION = YES;
				GCC_WARN_UNUSED_VARIABLE = YES;
				IPHONEOS_DEPLOYMENT_TARGET = 9.3;
				MTL_ENABLE_DEBUG_INFO = NO;
				SDKROOT = iphoneos;
				SWIFT_OPTIMIZATION_LEVEL = "-Owholemodule";
				TARGETED_DEVICE_FAMILY = "1,2";
				VALIDATE_PRODUCT = YES;
			};
			name = Release;
		};
		6BE3AFAA1D299A7700076F50 /* Debug */ = {
			isa = XCBuildConfiguration;
			buildSettings = {
				ASSETCATALOG_COMPILER_APPICON_NAME = AppIcon;
				ASSETCATALOG_COMPILER_LAUNCHIMAGE_NAME = LaunchImage;
				DEVELOPMENT_TEAM = 9N8WSR7KDY;
				FRAMEWORK_SEARCH_PATHS = (
					"$(inherited)",
					"$(PROJECT_DIR)/Carthage/Build/iOS",
				);
				INFOPLIST_FILE = LoLSkins/Info.plist;
				IPHONEOS_DEPLOYMENT_TARGET = 10.0;
				LD_RUNPATH_SEARCH_PATHS = "$(inherited) @executable_path/Frameworks";
				PRODUCT_BUNDLE_IDENTIFIER = ZGR.LoLSkins;
				PRODUCT_NAME = "$(TARGET_NAME)";
				SWIFT_VERSION = 3.0;
			};
			name = Debug;
		};
		6BE3AFAB1D299A7700076F50 /* Release */ = {
			isa = XCBuildConfiguration;
			buildSettings = {
				ASSETCATALOG_COMPILER_APPICON_NAME = AppIcon;
				ASSETCATALOG_COMPILER_LAUNCHIMAGE_NAME = LaunchImage;
				DEVELOPMENT_TEAM = 9N8WSR7KDY;
				FRAMEWORK_SEARCH_PATHS = (
					"$(inherited)",
					"$(PROJECT_DIR)/Carthage/Build/iOS",
				);
				INFOPLIST_FILE = LoLSkins/Info.plist;
				IPHONEOS_DEPLOYMENT_TARGET = 10.0;
				LD_RUNPATH_SEARCH_PATHS = "$(inherited) @executable_path/Frameworks";
				PRODUCT_BUNDLE_IDENTIFIER = ZGR.LoLSkins;
				PRODUCT_NAME = "$(TARGET_NAME)";
				SWIFT_VERSION = 3.0;
			};
			name = Release;
		};
		6BE3AFAD1D299A7700076F50 /* Debug */ = {
			isa = XCBuildConfiguration;
			buildSettings = {
				BUNDLE_LOADER = "$(TEST_HOST)";
				DEVELOPMENT_TEAM = 9N8WSR7KDY;
				INFOPLIST_FILE = LoLSkinsTests/Info.plist;
				IPHONEOS_DEPLOYMENT_TARGET = 10.0;
				LD_RUNPATH_SEARCH_PATHS = "$(inherited) @executable_path/Frameworks @loader_path/Frameworks";
				PRODUCT_BUNDLE_IDENTIFIER = ZGR.LoLSkinsTests;
				PRODUCT_NAME = "$(TARGET_NAME)";
				SWIFT_VERSION = 3.0;
				TEST_HOST = "$(BUILT_PRODUCTS_DIR)/LoLSkins.app/LoLSkins";
			};
			name = Debug;
		};
		6BE3AFAE1D299A7700076F50 /* Release */ = {
			isa = XCBuildConfiguration;
			buildSettings = {
				BUNDLE_LOADER = "$(TEST_HOST)";
				DEVELOPMENT_TEAM = 9N8WSR7KDY;
				INFOPLIST_FILE = LoLSkinsTests/Info.plist;
				IPHONEOS_DEPLOYMENT_TARGET = 10.0;
				LD_RUNPATH_SEARCH_PATHS = "$(inherited) @executable_path/Frameworks @loader_path/Frameworks";
				PRODUCT_BUNDLE_IDENTIFIER = ZGR.LoLSkinsTests;
				PRODUCT_NAME = "$(TARGET_NAME)";
				SWIFT_VERSION = 3.0;
				TEST_HOST = "$(BUILT_PRODUCTS_DIR)/LoLSkins.app/LoLSkins";
			};
			name = Release;
		};
		6BE3AFB01D299A7700076F50 /* Debug */ = {
			isa = XCBuildConfiguration;
			buildSettings = {
				DEVELOPMENT_TEAM = 9N8WSR7KDY;
				INFOPLIST_FILE = LoLSkinsUITests/Info.plist;
				IPHONEOS_DEPLOYMENT_TARGET = 10.0;
				LD_RUNPATH_SEARCH_PATHS = "$(inherited) @executable_path/Frameworks @loader_path/Frameworks";
				PRODUCT_BUNDLE_IDENTIFIER = ZGR.LoLSkinsUITests;
				PRODUCT_NAME = "$(TARGET_NAME)";
				SWIFT_VERSION = 3.0;
				TEST_TARGET_NAME = LoLSkins;
			};
			name = Debug;
		};
		6BE3AFB11D299A7700076F50 /* Release */ = {
			isa = XCBuildConfiguration;
			buildSettings = {
				DEVELOPMENT_TEAM = 9N8WSR7KDY;
				INFOPLIST_FILE = LoLSkinsUITests/Info.plist;
				IPHONEOS_DEPLOYMENT_TARGET = 10.0;
				LD_RUNPATH_SEARCH_PATHS = "$(inherited) @executable_path/Frameworks @loader_path/Frameworks";
				PRODUCT_BUNDLE_IDENTIFIER = ZGR.LoLSkinsUITests;
				PRODUCT_NAME = "$(TARGET_NAME)";
				SWIFT_VERSION = 3.0;
				TEST_TARGET_NAME = LoLSkins;
			};
			name = Release;
		};
/* End XCBuildConfiguration section */

/* Begin XCConfigurationList section */
		6BE3AF7C1D299A7500076F50 /* Build configuration list for PBXProject "LoLSkins" */ = {
			isa = XCConfigurationList;
			buildConfigurations = (
				6BE3AFA71D299A7700076F50 /* Debug */,
				6BE3AFA81D299A7700076F50 /* Release */,
			);
			defaultConfigurationIsVisible = 0;
			defaultConfigurationName = Release;
		};
		6BE3AFA91D299A7700076F50 /* Build configuration list for PBXNativeTarget "LoLSkins" */ = {
			isa = XCConfigurationList;
			buildConfigurations = (
				6BE3AFAA1D299A7700076F50 /* Debug */,
				6BE3AFAB1D299A7700076F50 /* Release */,
			);
			defaultConfigurationIsVisible = 0;
			defaultConfigurationName = Release;
		};
		6BE3AFAC1D299A7700076F50 /* Build configuration list for PBXNativeTarget "LoLSkinsTests" */ = {
			isa = XCConfigurationList;
			buildConfigurations = (
				6BE3AFAD1D299A7700076F50 /* Debug */,
				6BE3AFAE1D299A7700076F50 /* Release */,
			);
			defaultConfigurationIsVisible = 0;
			defaultConfigurationName = Release;
		};
		6BE3AFAF1D299A7700076F50 /* Build configuration list for PBXNativeTarget "LoLSkinsUITests" */ = {
			isa = XCConfigurationList;
			buildConfigurations = (
				6BE3AFB01D299A7700076F50 /* Debug */,
				6BE3AFB11D299A7700076F50 /* Release */,
			);
			defaultConfigurationIsVisible = 0;
			defaultConfigurationName = Release;
		};
/* End XCConfigurationList section */
	};
	rootObject = 6BE3AF791D299A7500076F50 /* Project object */;
}
