// !$*UTF8*$!
{
	archiveVersion = 1;
	classes = {
	};
	objectVersion = 46;
	objects = {

/* Begin PBXBuildFile section */
		6B61E9961D2D858900BD35A5 /* Cartfile in Resources */ = {isa = PBXBuildFile; fileRef = 6B61E9951D2D858900BD35A5 /* Cartfile */; };
		6B81658E1D377ED300BE4699 /* UIColor+ColorFromString.swift in Sources */ = {isa = PBXBuildFile; fileRef = 6B81658D1D377ED300BE4699 /* UIColor+ColorFromString.swift */; };
		6BC76A461D325B9800E8BFF4 /* PListStorage.swift in Sources */ = {isa = PBXBuildFile; fileRef = 6BC76A451D325B9800E8BFF4 /* PListStorage.swift */; };
		6BE3AF851D299A7600076F50 /* AppDelegate.swift in Sources */ = {isa = PBXBuildFile; fileRef = 6BE3AF841D299A7600076F50 /* AppDelegate.swift */; };
		6BE3AF8F1D299A7600076F50 /* LaunchScreen.storyboard in Resources */ = {isa = PBXBuildFile; fileRef = 6BE3AF8D1D299A7600076F50 /* LaunchScreen.storyboard */; };
		6BE3AF9A1D299A7700076F50 /* LoLSkinsTests.swift in Sources */ = {isa = PBXBuildFile; fileRef = 6BE3AF991D299A7700076F50 /* LoLSkinsTests.swift */; };
		6BE3AFA51D299A7700076F50 /* LoLSkinsUITests.swift in Sources */ = {isa = PBXBuildFile; fileRef = 6BE3AFA41D299A7700076F50 /* LoLSkinsUITests.swift */; };
		9904415C1EBF7A4C0077E296 /* StaticDataAPI.swift in Sources */ = {isa = PBXBuildFile; fileRef = 9904415B1EBF7A4C0077E296 /* StaticDataAPI.swift */; };
		990441601EBF7ADB0077E296 /* ChampionsRequest.swift in Sources */ = {isa = PBXBuildFile; fileRef = 9904415F1EBF7ADB0077E296 /* ChampionsRequest.swift */; };
		990441621EBF7AEA0077E296 /* ChampionsInterpreter.swift in Sources */ = {isa = PBXBuildFile; fileRef = 990441611EBF7AEA0077E296 /* ChampionsInterpreter.swift */; };
		990441641EBF7AFE0077E296 /* APIError.swift in Sources */ = {isa = PBXBuildFile; fileRef = 990441631EBF7AFE0077E296 /* APIError.swift */; };
		9904F9FE1EAE75070076633B /* ChampionSkins.storyboard in Resources */ = {isa = PBXBuildFile; fileRef = 9904F9FD1EAE75070076633B /* ChampionSkins.storyboard */; };
		990677A11EA5466F00FFFB68 /* ChampionsCell.swift in Sources */ = {isa = PBXBuildFile; fileRef = 9906779D1EA5466F00FFFB68 /* ChampionsCell.swift */; };
		990677A31EA5466F00FFFB68 /* ChampionsList.storyboard in Resources */ = {isa = PBXBuildFile; fileRef = 9906779F1EA5466F00FFFB68 /* ChampionsList.storyboard */; };
		990677A41EA5466F00FFFB68 /* ChampionsVC.swift in Sources */ = {isa = PBXBuildFile; fileRef = 990677A01EA5466F00FFFB68 /* ChampionsVC.swift */; };
		990677A61EA546DC00FFFB68 /* Result.swift in Sources */ = {isa = PBXBuildFile; fileRef = 990677A51EA546DC00FFFB68 /* Result.swift */; };
		990677A91EA549F400FFFB68 /* ChampionsPresenter.swift in Sources */ = {isa = PBXBuildFile; fileRef = 990677A81EA549F400FFFB68 /* ChampionsPresenter.swift */; };
		992A50C21EBF7B91006A83B0 /* VersionsRequest.swift in Sources */ = {isa = PBXBuildFile; fileRef = 992A50C11EBF7B91006A83B0 /* VersionsRequest.swift */; };
		992A50C41EBF7B9F006A83B0 /* VersionsInterpreter.swift in Sources */ = {isa = PBXBuildFile; fileRef = 992A50C31EBF7B9F006A83B0 /* VersionsInterpreter.swift */; };
		998225091E27ED310011CB28 /* Assets.xcassets in Resources */ = {isa = PBXBuildFile; fileRef = 998225081E27ED310011CB28 /* Assets.xcassets */; };
		9982250B1E28143E0011CB28 /* .gitignore in Resources */ = {isa = PBXBuildFile; fileRef = 9982250A1E28143E0011CB28 /* .gitignore */; };
		9982250D1E2814670011CB28 /* APIKey.plist in Resources */ = {isa = PBXBuildFile; fileRef = 9982250C1E2814670011CB28 /* APIKey.plist */; };
		999028B41EDB4621005F57A0 /* SkinsPresenter.swift in Sources */ = {isa = PBXBuildFile; fileRef = 999028B31EDB4621005F57A0 /* SkinsPresenter.swift */; };
		9995252B1EB264D2009500BE /* ChampionSkinVC.swift in Sources */ = {isa = PBXBuildFile; fileRef = 9995252A1EB264D2009500BE /* ChampionSkinVC.swift */; };
		9995252D1EB26735009500BE /* SkinCell.swift in Sources */ = {isa = PBXBuildFile; fileRef = 9995252C1EB26735009500BE /* SkinCell.swift */; };
		99BA39B01EA4013F00818C1D /* Alamofire.framework in Frameworks */ = {isa = PBXBuildFile; fileRef = 6B61E9971D2D920D00BD35A5 /* Alamofire.framework */; };
		99BA39B11EA4014100818C1D /* AlamofireImage.framework in Frameworks */ = {isa = PBXBuildFile; fileRef = 998225001E27EC680011CB28 /* AlamofireImage.framework */; };
		99BA39B41EA4014700818C1D /* SOLIDNetworking.framework in Frameworks */ = {isa = PBXBuildFile; fileRef = 99BA39B31EA4014700818C1D /* SOLIDNetworking.framework */; };
		99BA39B51EA4014A00818C1D /* SwiftyJSON.framework in Frameworks */ = {isa = PBXBuildFile; fileRef = 998225041E27EC880011CB28 /* SwiftyJSON.framework */; };
		99F835701ED17792000ACCC2 /* DIContainer.swift in Sources */ = {isa = PBXBuildFile; fileRef = 99F8356F1ED17792000ACCC2 /* DIContainer.swift */; };
		99FA30851EF531F3009113E0 /* riot.txt in Resources */ = {isa = PBXBuildFile; fileRef = 99FA30841EF531F3009113E0 /* riot.txt */; };
		99FE2D341ED08E0E005EE71A /* Result.framework in Frameworks */ = {isa = PBXBuildFile; fileRef = 99FE2D331ED08E0E005EE71A /* Result.framework */; };
		99FE2D361ED08E15005EE71A /* ReactiveSwift.framework in Frameworks */ = {isa = PBXBuildFile; fileRef = 99FE2D351ED08E15005EE71A /* ReactiveSwift.framework */; };
/* End PBXBuildFile section */

/* Begin PBXContainerItemProxy section */
		6BE3AF961D299A7700076F50 /* PBXContainerItemProxy */ = {
			isa = PBXContainerItemProxy;
			containerPortal = 6BE3AF791D299A7500076F50 /* Project object */;
			proxyType = 1;
			remoteGlobalIDString = 6BE3AF801D299A7500076F50;
			remoteInfo = LoLSkins;
		};
		6BE3AFA11D299A7700076F50 /* PBXContainerItemProxy */ = {
			isa = PBXContainerItemProxy;
			containerPortal = 6BE3AF791D299A7500076F50 /* Project object */;
			proxyType = 1;
			remoteGlobalIDString = 6BE3AF801D299A7500076F50;
			remoteInfo = LoLSkins;
		};
/* End PBXContainerItemProxy section */

/* Begin PBXFileReference section */
		6B61E9951D2D858900BD35A5 /* Cartfile */ = {isa = PBXFileReference; fileEncoding = 4; lastKnownFileType = text; path = Cartfile; sourceTree = "<group>"; };
		6B61E9971D2D920D00BD35A5 /* Alamofire.framework */ = {isa = PBXFileReference; lastKnownFileType = wrapper.framework; name = Alamofire.framework; path = Carthage/Build/iOS/Alamofire.framework; sourceTree = "<group>"; };
		6B81658D1D377ED300BE4699 /* UIColor+ColorFromString.swift */ = {isa = PBXFileReference; fileEncoding = 4; lastKnownFileType = sourcecode.swift; path = "UIColor+ColorFromString.swift"; sourceTree = "<group>"; };
		6BC76A451D325B9800E8BFF4 /* PListStorage.swift */ = {isa = PBXFileReference; fileEncoding = 4; lastKnownFileType = sourcecode.swift; path = PListStorage.swift; sourceTree = "<group>"; };
		6BE3AF811D299A7500076F50 /* LoLSkins.app */ = {isa = PBXFileReference; explicitFileType = wrapper.application; includeInIndex = 0; path = LoLSkins.app; sourceTree = BUILT_PRODUCTS_DIR; };
		6BE3AF841D299A7600076F50 /* AppDelegate.swift */ = {isa = PBXFileReference; lastKnownFileType = sourcecode.swift; path = AppDelegate.swift; sourceTree = "<group>"; };
		6BE3AF8E1D299A7600076F50 /* Base */ = {isa = PBXFileReference; lastKnownFileType = file.storyboard; name = Base; path = Base.lproj/LaunchScreen.storyboard; sourceTree = "<group>"; };
		6BE3AF901D299A7600076F50 /* Info.plist */ = {isa = PBXFileReference; lastKnownFileType = text.plist.xml; path = Info.plist; sourceTree = "<group>"; };
		6BE3AF951D299A7700076F50 /* LoLSkinsTests.xctest */ = {isa = PBXFileReference; explicitFileType = wrapper.cfbundle; includeInIndex = 0; path = LoLSkinsTests.xctest; sourceTree = BUILT_PRODUCTS_DIR; };
		6BE3AF991D299A7700076F50 /* LoLSkinsTests.swift */ = {isa = PBXFileReference; lastKnownFileType = sourcecode.swift; path = LoLSkinsTests.swift; sourceTree = "<group>"; };
		6BE3AF9B1D299A7700076F50 /* Info.plist */ = {isa = PBXFileReference; lastKnownFileType = text.plist.xml; path = Info.plist; sourceTree = "<group>"; };
		6BE3AFA01D299A7700076F50 /* LoLSkinsUITests.xctest */ = {isa = PBXFileReference; explicitFileType = wrapper.cfbundle; includeInIndex = 0; path = LoLSkinsUITests.xctest; sourceTree = BUILT_PRODUCTS_DIR; };
		6BE3AFA41D299A7700076F50 /* LoLSkinsUITests.swift */ = {isa = PBXFileReference; lastKnownFileType = sourcecode.swift; path = LoLSkinsUITests.swift; sourceTree = "<group>"; };
		6BE3AFA61D299A7700076F50 /* Info.plist */ = {isa = PBXFileReference; lastKnownFileType = text.plist.xml; path = Info.plist; sourceTree = "<group>"; };
		9904415B1EBF7A4C0077E296 /* StaticDataAPI.swift */ = {isa = PBXFileReference; fileEncoding = 4; lastKnownFileType = sourcecode.swift; path = StaticDataAPI.swift; sourceTree = "<group>"; };
		9904415F1EBF7ADB0077E296 /* ChampionsRequest.swift */ = {isa = PBXFileReference; fileEncoding = 4; lastKnownFileType = sourcecode.swift; path = ChampionsRequest.swift; sourceTree = "<group>"; };
		990441611EBF7AEA0077E296 /* ChampionsInterpreter.swift */ = {isa = PBXFileReference; fileEncoding = 4; lastKnownFileType = sourcecode.swift; path = ChampionsInterpreter.swift; sourceTree = "<group>"; };
		990441631EBF7AFE0077E296 /* APIError.swift */ = {isa = PBXFileReference; fileEncoding = 4; lastKnownFileType = sourcecode.swift; path = APIError.swift; sourceTree = "<group>"; };
		9904F9FD1EAE75070076633B /* ChampionSkins.storyboard */ = {isa = PBXFileReference; fileEncoding = 4; lastKnownFileType = file.storyboard; path = ChampionSkins.storyboard; sourceTree = "<group>"; };
		9906779D1EA5466F00FFFB68 /* ChampionsCell.swift */ = {isa = PBXFileReference; fileEncoding = 4; lastKnownFileType = sourcecode.swift; path = ChampionsCell.swift; sourceTree = "<group>"; };
		9906779F1EA5466F00FFFB68 /* ChampionsList.storyboard */ = {isa = PBXFileReference; fileEncoding = 4; lastKnownFileType = file.storyboard; path = ChampionsList.storyboard; sourceTree = "<group>"; };
		990677A01EA5466F00FFFB68 /* ChampionsVC.swift */ = {isa = PBXFileReference; fileEncoding = 4; lastKnownFileType = sourcecode.swift; path = ChampionsVC.swift; sourceTree = "<group>"; };
		990677A51EA546DC00FFFB68 /* Result.swift */ = {isa = PBXFileReference; fileEncoding = 4; lastKnownFileType = sourcecode.swift; path = Result.swift; sourceTree = "<group>"; };
		990677A81EA549F400FFFB68 /* ChampionsPresenter.swift */ = {isa = PBXFileReference; fileEncoding = 4; lastKnownFileType = sourcecode.swift; path = ChampionsPresenter.swift; sourceTree = "<group>"; };
		992A50C11EBF7B91006A83B0 /* VersionsRequest.swift */ = {isa = PBXFileReference; fileEncoding = 4; lastKnownFileType = sourcecode.swift; path = VersionsRequest.swift; sourceTree = "<group>"; };
		992A50C31EBF7B9F006A83B0 /* VersionsInterpreter.swift */ = {isa = PBXFileReference; fileEncoding = 4; lastKnownFileType = sourcecode.swift; path = VersionsInterpreter.swift; sourceTree = "<group>"; };
		9940E85A1E2A5FA8000A51F2 /* IGListKit.framework */ = {isa = PBXFileReference; lastKnownFileType = wrapper.framework; name = IGListKit.framework; path = Carthage/Build/iOS/IGListKit.framework; sourceTree = "<group>"; };
		998225001E27EC680011CB28 /* AlamofireImage.framework */ = {isa = PBXFileReference; lastKnownFileType = wrapper.framework; name = AlamofireImage.framework; path = Carthage/Build/iOS/AlamofireImage.framework; sourceTree = "<group>"; };
		998225041E27EC880011CB28 /* SwiftyJSON.framework */ = {isa = PBXFileReference; lastKnownFileType = wrapper.framework; name = SwiftyJSON.framework; path = Carthage/Build/iOS/SwiftyJSON.framework; sourceTree = "<group>"; };
		998225081E27ED310011CB28 /* Assets.xcassets */ = {isa = PBXFileReference; lastKnownFileType = folder.assetcatalog; path = Assets.xcassets; sourceTree = "<group>"; };
		9982250A1E28143E0011CB28 /* .gitignore */ = {isa = PBXFileReference; fileEncoding = 4; lastKnownFileType = text; path = .gitignore; sourceTree = "<group>"; };
		9982250C1E2814670011CB28 /* APIKey.plist */ = {isa = PBXFileReference; fileEncoding = 4; lastKnownFileType = text.plist.xml; path = APIKey.plist; sourceTree = "<group>"; };
		999028B31EDB4621005F57A0 /* SkinsPresenter.swift */ = {isa = PBXFileReference; fileEncoding = 4; lastKnownFileType = sourcecode.swift; path = SkinsPresenter.swift; sourceTree = "<group>"; };
		9995252A1EB264D2009500BE /* ChampionSkinVC.swift */ = {isa = PBXFileReference; fileEncoding = 4; lastKnownFileType = sourcecode.swift; path = ChampionSkinVC.swift; sourceTree = "<group>"; };
		9995252C1EB26735009500BE /* SkinCell.swift */ = {isa = PBXFileReference; fileEncoding = 4; lastKnownFileType = sourcecode.swift; path = SkinCell.swift; sourceTree = "<group>"; };
		99BA39B31EA4014700818C1D /* SOLIDNetworking.framework */ = {isa = PBXFileReference; lastKnownFileType = wrapper.framework; name = SOLIDNetworking.framework; path = Carthage/Build/iOS/SOLIDNetworking.framework; sourceTree = "<group>"; };
		99F8356F1ED17792000ACCC2 /* DIContainer.swift */ = {isa = PBXFileReference; fileEncoding = 4; lastKnownFileType = sourcecode.swift; path = DIContainer.swift; sourceTree = "<group>"; };
		99FA30841EF531F3009113E0 /* riot.txt */ = {isa = PBXFileReference; fileEncoding = 4; lastKnownFileType = text; path = riot.txt; sourceTree = "<group>"; };
		99FE2D331ED08E0E005EE71A /* Result.framework */ = {isa = PBXFileReference; lastKnownFileType = wrapper.framework; name = Result.framework; path = Carthage/Build/iOS/Result.framework; sourceTree = "<group>"; };
		99FE2D351ED08E15005EE71A /* ReactiveSwift.framework */ = {isa = PBXFileReference; lastKnownFileType = wrapper.framework; name = ReactiveSwift.framework; path = Carthage/Build/iOS/ReactiveSwift.framework; sourceTree = "<group>"; };
/* End PBXFileReference section */

/* Begin PBXFrameworksBuildPhase section */
		6BE3AF7E1D299A7500076F50 /* Frameworks */ = {
			isa = PBXFrameworksBuildPhase;
			buildActionMask = 2147483647;
			files = (
				99BA39B01EA4013F00818C1D /* Alamofire.framework in Frameworks */,
				99BA39B11EA4014100818C1D /* AlamofireImage.framework in Frameworks */,
				99FE2D361ED08E15005EE71A /* ReactiveSwift.framework in Frameworks */,
				99BA39B41EA4014700818C1D /* SOLIDNetworking.framework in Frameworks */,
				99FE2D341ED08E0E005EE71A /* Result.framework in Frameworks */,
				99BA39B51EA4014A00818C1D /* SwiftyJSON.framework in Frameworks */,
			);
			runOnlyForDeploymentPostprocessing = 0;
		};
		6BE3AF921D299A7700076F50 /* Frameworks */ = {
			isa = PBXFrameworksBuildPhase;
			buildActionMask = 2147483647;
			files = (
			);
			runOnlyForDeploymentPostprocessing = 0;
		};
		6BE3AF9D1D299A7700076F50 /* Frameworks */ = {
			isa = PBXFrameworksBuildPhase;
			buildActionMask = 2147483647;
			files = (
			);
			runOnlyForDeploymentPostprocessing = 0;
		};
/* End PBXFrameworksBuildPhase section */

/* Begin PBXGroup section */
		6B61E9911D2D81CA00BD35A5 /* Resources */ = {
			isa = PBXGroup;
			children = (
			);
			path = Resources;
			sourceTree = "<group>";
		};
		6B81658C1D377EAE00BE4699 /* Extensions */ = {
			isa = PBXGroup;
			children = (
				6B81658D1D377ED300BE4699 /* UIColor+ColorFromString.swift */,
			);
			path = Extensions;
			sourceTree = "<group>";
		};
		6BC76A441D325B8700E8BFF4 /* Storage */ = {
			isa = PBXGroup;
			children = (
				6BC76A451D325B9800E8BFF4 /* PListStorage.swift */,
				99F8356F1ED17792000ACCC2 /* DIContainer.swift */,
			);
			path = Storage;
			sourceTree = "<group>";
		};
		6BE3AF781D299A7500076F50 = {
			isa = PBXGroup;
			children = (
				99FA30841EF531F3009113E0 /* riot.txt */,
				9982250A1E28143E0011CB28 /* .gitignore */,
				6B61E9951D2D858900BD35A5 /* Cartfile */,
				6BE3AF831D299A7600076F50 /* LoLSkins */,
				6BE3AF981D299A7700076F50 /* LoLSkinsTests */,
				6BE3AFA31D299A7700076F50 /* LoLSkinsUITests */,
				6BE3AF821D299A7500076F50 /* Products */,
				998224FF1E27EC680011CB28 /* Frameworks */,
			);
			sourceTree = "<group>";
		};
		6BE3AF821D299A7500076F50 /* Products */ = {
			isa = PBXGroup;
			children = (
				6BE3AF811D299A7500076F50 /* LoLSkins.app */,
				6BE3AF951D299A7700076F50 /* LoLSkinsTests.xctest */,
				6BE3AFA01D299A7700076F50 /* LoLSkinsUITests.xctest */,
			);
			name = Products;
			sourceTree = "<group>";
		};
		6BE3AF831D299A7600076F50 /* LoLSkins */ = {
			isa = PBXGroup;
			children = (
				9982250C1E2814670011CB28 /* APIKey.plist */,
				998225081E27ED310011CB28 /* Assets.xcassets */,
				99BA39B91EA403D200818C1D /* UI */,
				6B61E9911D2D81CA00BD35A5 /* Resources */,
				990677A71EA5496500FFFB68 /* Presenters */,
				99BA39B61EA4022300818C1D /* APIGateway */,
				6BC76A441D325B8700E8BFF4 /* Storage */,
				6B81658C1D377EAE00BE4699 /* Extensions */,
				9906779C1EA5462100FFFB68 /* Models */,
				6BE3AF841D299A7600076F50 /* AppDelegate.swift */,
				6BE3AF901D299A7600076F50 /* Info.plist */,
			);
			path = LoLSkins;
			sourceTree = "<group>";
		};
		6BE3AF981D299A7700076F50 /* LoLSkinsTests */ = {
			isa = PBXGroup;
			children = (
				6BE3AF991D299A7700076F50 /* LoLSkinsTests.swift */,
				6BE3AF9B1D299A7700076F50 /* Info.plist */,
			);
			path = LoLSkinsTests;
			sourceTree = "<group>";
		};
		6BE3AFA31D299A7700076F50 /* LoLSkinsUITests */ = {
			isa = PBXGroup;
			children = (
				6BE3AFA41D299A7700076F50 /* LoLSkinsUITests.swift */,
				6BE3AFA61D299A7700076F50 /* Info.plist */,
			);
			path = LoLSkinsUITests;
			sourceTree = "<group>";
		};
		9904415D1EBF7A550077E296 /* StaticDataChampions */ = {
			isa = PBXGroup;
			children = (
				9904415F1EBF7ADB0077E296 /* ChampionsRequest.swift */,
				990441611EBF7AEA0077E296 /* ChampionsInterpreter.swift */,
			);
			name = StaticDataChampions;
			sourceTree = "<group>";
		};
		9904415E1EBF7A630077E296 /* StaticDataVersions */ = {
			isa = PBXGroup;
			children = (
				992A50C11EBF7B91006A83B0 /* VersionsRequest.swift */,
				992A50C31EBF7B9F006A83B0 /* VersionsInterpreter.swift */,
			);
			name = StaticDataVersions;
			sourceTree = "<group>";
		};
		9904F9FC1EAE74E10076633B /* ChampionSkins */ = {
			isa = PBXGroup;
			children = (
				9904F9FD1EAE75070076633B /* ChampionSkins.storyboard */,
				9995252A1EB264D2009500BE /* ChampionSkinVC.swift */,
				9995252C1EB26735009500BE /* SkinCell.swift */,
			);
			name = ChampionSkins;
			sourceTree = "<group>";
		};
		9906779B1EA5409200FFFB68 /* ChampionsList */ = {
			isa = PBXGroup;
			children = (
				9906779F1EA5466F00FFFB68 /* ChampionsList.storyboard */,
				990677A01EA5466F00FFFB68 /* ChampionsVC.swift */,
				9906779D1EA5466F00FFFB68 /* ChampionsCell.swift */,
			);
			name = ChampionsList;
			sourceTree = "<group>";
		};
		9906779C1EA5462100FFFB68 /* Models */ = {
			isa = PBXGroup;
			children = (
				990677A51EA546DC00FFFB68 /* Result.swift */,
			);
			path = Models;
			sourceTree = "<group>";
		};
		990677A71EA5496500FFFB68 /* Presenters */ = {
			isa = PBXGroup;
			children = (
				990677A81EA549F400FFFB68 /* ChampionsPresenter.swift */,
				999028B31EDB4621005F57A0 /* SkinsPresenter.swift */,
			);
			name = Presenters;
			path = LoLSkins/Presenters;
			sourceTree = SOURCE_ROOT;
		};
		998224FF1E27EC680011CB28 /* Frameworks */ = {
			isa = PBXGroup;
			children = (
				99FE2D351ED08E15005EE71A /* ReactiveSwift.framework */,
				99FE2D331ED08E0E005EE71A /* Result.framework */,
				6B61E9971D2D920D00BD35A5 /* Alamofire.framework */,
				99BA39B31EA4014700818C1D /* SOLIDNetworking.framework */,
				9940E85A1E2A5FA8000A51F2 /* IGListKit.framework */,
				998225041E27EC880011CB28 /* SwiftyJSON.framework */,
				998225001E27EC680011CB28 /* AlamofireImage.framework */,
			);
			name = Frameworks;
			sourceTree = "<group>";
		};
		99BA39B61EA4022300818C1D /* APIGateway */ = {
			isa = PBXGroup;
			children = (
				9904415E1EBF7A630077E296 /* StaticDataVersions */,
				9904415D1EBF7A550077E296 /* StaticDataChampions */,
				9904415B1EBF7A4C0077E296 /* StaticDataAPI.swift */,
				990441631EBF7AFE0077E296 /* APIError.swift */,
			);
			path = APIGateway;
			sourceTree = "<group>";
		};
		99BA39B91EA403D200818C1D /* UI */ = {
			isa = PBXGroup;
			children = (
				9904F9FC1EAE74E10076633B /* ChampionSkins */,
				9906779B1EA5409200FFFB68 /* ChampionsList */,
				6BE3AF8D1D299A7600076F50 /* LaunchScreen.storyboard */,
			);
			path = UI;
			sourceTree = "<group>";
		};
/* End PBXGroup section */

/* Begin PBXNativeTarget section */
		6BE3AF801D299A7500076F50 /* LoLSkins */ = {
			isa = PBXNativeTarget;
			buildConfigurationList = 6BE3AFA91D299A7700076F50 /* Build configuration list for PBXNativeTarget "LoLSkins" */;
			buildPhases = (
				6BE3AF7D1D299A7500076F50 /* Sources */,
				6BE3AF7E1D299A7500076F50 /* Frameworks */,
				6BE3AF7F1D299A7500076F50 /* Resources */,
				6B61E99B1D2D923000BD35A5 /* ShellScript */,
			);
			buildRules = (
			);
			dependencies = (
			);
			name = LoLSkins;
			productName = LoLSkins;
			productReference = 6BE3AF811D299A7500076F50 /* LoLSkins.app */;
			productType = "com.apple.product-type.application";
		};
		6BE3AF941D299A7700076F50 /* LoLSkinsTests */ = {
			isa = PBXNativeTarget;
			buildConfigurationList = 6BE3AFAC1D299A7700076F50 /* Build configuration list for PBXNativeTarget "LoLSkinsTests" */;
			buildPhases = (
				6BE3AF911D299A7700076F50 /* Sources */,
				6BE3AF921D299A7700076F50 /* Frameworks */,
				6BE3AF931D299A7700076F50 /* Resources */,
			);
			buildRules = (
			);
			dependencies = (
				6BE3AF971D299A7700076F50 /* PBXTargetDependency */,
			);
			name = LoLSkinsTests;
			productName = LoLSkinsTests;
			productReference = 6BE3AF951D299A7700076F50 /* LoLSkinsTests.xctest */;
			productType = "com.apple.product-type.bundle.unit-test";
		};
		6BE3AF9F1D299A7700076F50 /* LoLSkinsUITests */ = {
			isa = PBXNativeTarget;
			buildConfigurationList = 6BE3AFAF1D299A7700076F50 /* Build configuration list for PBXNativeTarget "LoLSkinsUITests" */;
			buildPhases = (
				6BE3AF9C1D299A7700076F50 /* Sources */,
				6BE3AF9D1D299A7700076F50 /* Frameworks */,
				6BE3AF9E1D299A7700076F50 /* Resources */,
			);
			buildRules = (
			);
			dependencies = (
				6BE3AFA21D299A7700076F50 /* PBXTargetDependency */,
			);
			name = LoLSkinsUITests;
			productName = LoLSkinsUITests;
			productReference = 6BE3AFA01D299A7700076F50 /* LoLSkinsUITests.xctest */;
			productType = "com.apple.product-type.bundle.ui-testing";
		};
/* End PBXNativeTarget section */

/* Begin PBXProject section */
		6BE3AF791D299A7500076F50 /* Project object */ = {
			isa = PBXProject;
			attributes = {
				LastSwiftUpdateCheck = 0730;
				LastUpgradeCheck = 0820;
				ORGANIZATIONNAME = "Zbigniew Górawski";
				TargetAttributes = {
					6BE3AF801D299A7500076F50 = {
						CreatedOnToolsVersion = 7.3.1;
						DevelopmentTeam = 9N8WSR7KDY;
						LastSwiftMigration = 0820;
					};
					6BE3AF941D299A7700076F50 = {
						CreatedOnToolsVersion = 7.3.1;
						DevelopmentTeam = 9N8WSR7KDY;
						LastSwiftMigration = 0820;
						TestTargetID = 6BE3AF801D299A7500076F50;
					};
					6BE3AF9F1D299A7700076F50 = {
						CreatedOnToolsVersion = 7.3.1;
						DevelopmentTeam = 9N8WSR7KDY;
						LastSwiftMigration = 0820;
						TestTargetID = 6BE3AF801D299A7500076F50;
					};
				};
			};
			buildConfigurationList = 6BE3AF7C1D299A7500076F50 /* Build configuration list for PBXProject "LoLSkins" */;
			compatibilityVersion = "Xcode 3.2";
			developmentRegion = English;
			hasScannedForEncodings = 0;
			knownRegions = (
				en,
				Base,
			);
			mainGroup = 6BE3AF781D299A7500076F50;
			productRefGroup = 6BE3AF821D299A7500076F50 /* Products */;
			projectDirPath = "";
			projectRoot = "";
			targets = (
				6BE3AF801D299A7500076F50 /* LoLSkins */,
				6BE3AF941D299A7700076F50 /* LoLSkinsTests */,
				6BE3AF9F1D299A7700076F50 /* LoLSkinsUITests */,
			);
		};
/* End PBXProject section */

/* Begin PBXResourcesBuildPhase section */
		6BE3AF7F1D299A7500076F50 /* Resources */ = {
			isa = PBXResourcesBuildPhase;
			buildActionMask = 2147483647;
			files = (
				9982250B1E28143E0011CB28 /* .gitignore in Resources */,
				6BE3AF8F1D299A7600076F50 /* LaunchScreen.storyboard in Resources */,
				6B61E9961D2D858900BD35A5 /* Cartfile in Resources */,
				990677A31EA5466F00FFFB68 /* ChampionsList.storyboard in Resources */,
				99FA30851EF531F3009113E0 /* riot.txt in Resources */,
				9982250D1E2814670011CB28 /* APIKey.plist in Resources */,
				9904F9FE1EAE75070076633B /* ChampionSkins.storyboard in Resources */,
				998225091E27ED310011CB28 /* Assets.xcassets in Resources */,
			);
			runOnlyForDeploymentPostprocessing = 0;
		};
		6BE3AF931D299A7700076F50 /* Resources */ = {
			isa = PBXResourcesBuildPhase;
			buildActionMask = 2147483647;
			files = (
			);
			runOnlyForDeploymentPostprocessing = 0;
		};
		6BE3AF9E1D299A7700076F50 /* Resources */ = {
			isa = PBXResourcesBuildPhase;
			buildActionMask = 2147483647;
			files = (
			);
			runOnlyForDeploymentPostprocessing = 0;
		};
/* End PBXResourcesBuildPhase section */

/* Begin PBXShellScriptBuildPhase section */
		6B61E99B1D2D923000BD35A5 /* ShellScript */ = {
			isa = PBXShellScriptBuildPhase;
			buildActionMask = 2147483647;
			files = (
			);
			inputPaths = (
				"$(SRCROOT)/Carthage/Build/iOS/Alamofire.framework",
				"$(SRCROOT)/Carthage/Build/iOS/AlamofireImage.framework",
				"$(SRCROOT)/Carthage/Build/iOS/SOLIDNetworking.framework",
				"$(SRCROOT)/Carthage/Build/iOS/SwiftyJSON.framework",
				"$(SRCROOT)/Carthage/Build/iOS/ReactiveSwift.framework",
				"$(SRCROOT)/Carthage/Build/iOS/Result.framework",
			);
			outputPaths = (
			);
			runOnlyForDeploymentPostprocessing = 0;
			shellPath = /bin/sh;
			shellScript = "/usr/local/bin/carthage copy-frameworks";
		};
/* End PBXShellScriptBuildPhase section */

/* Begin PBXSourcesBuildPhase section */
		6BE3AF7D1D299A7500076F50 /* Sources */ = {
			isa = PBXSourcesBuildPhase;
			buildActionMask = 2147483647;
			files = (
				6B81658E1D377ED300BE4699 /* UIColor+ColorFromString.swift in Sources */,
				992A50C41EBF7B9F006A83B0 /* VersionsInterpreter.swift in Sources */,
				990441601EBF7ADB0077E296 /* ChampionsRequest.swift in Sources */,
				990441621EBF7AEA0077E296 /* ChampionsInterpreter.swift in Sources */,
				6BC76A461D325B9800E8BFF4 /* PListStorage.swift in Sources */,
				9995252B1EB264D2009500BE /* ChampionSkinVC.swift in Sources */,
				999028B41EDB4621005F57A0 /* SkinsPresenter.swift in Sources */,
				990677A11EA5466F00FFFB68 /* ChampionsCell.swift in Sources */,
				992A50C21EBF7B91006A83B0 /* VersionsRequest.swift in Sources */,
				990677A41EA5466F00FFFB68 /* ChampionsVC.swift in Sources */,
				990441641EBF7AFE0077E296 /* APIError.swift in Sources */,
				9904415C1EBF7A4C0077E296 /* StaticDataAPI.swift in Sources */,
				990677A61EA546DC00FFFB68 /* Result.swift in Sources */,
				99F835701ED17792000ACCC2 /* DIContainer.swift in Sources */,
				6BE3AF851D299A7600076F50 /* AppDelegate.swift in Sources */,
				9995252D1EB26735009500BE /* SkinCell.swift in Sources */,
				990677A91EA549F400FFFB68 /* ChampionsPresenter.swift in Sources */,
			);
			runOnlyForDeploymentPostprocessing = 0;
		};
		6BE3AF911D299A7700076F50 /* Sources */ = {
			isa = PBXSourcesBuildPhase;
			buildActionMask = 2147483647;
			files = (
				6BE3AF9A1D299A7700076F50 /* LoLSkinsTests.swift in Sources */,
			);
			runOnlyForDeploymentPostprocessing = 0;
		};
		6BE3AF9C1D299A7700076F50 /* Sources */ = {
			isa = PBXSourcesBuildPhase;
			buildActionMask = 2147483647;
			files = (
				6BE3AFA51D299A7700076F50 /* LoLSkinsUITests.swift in Sources */,
			);
			runOnlyForDeploymentPostprocessing = 0;
		};
/* End PBXSourcesBuildPhase section */

/* Begin PBXTargetDependency section */
		6BE3AF971D299A7700076F50 /* PBXTargetDependency */ = {
			isa = PBXTargetDependency;
			target = 6BE3AF801D299A7500076F50 /* LoLSkins */;
			targetProxy = 6BE3AF961D299A7700076F50 /* PBXContainerItemProxy */;
		};
		6BE3AFA21D299A7700076F50 /* PBXTargetDependency */ = {
			isa = PBXTargetDependency;
			target = 6BE3AF801D299A7500076F50 /* LoLSkins */;
			targetProxy = 6BE3AFA11D299A7700076F50 /* PBXContainerItemProxy */;
		};
/* End PBXTargetDependency section */

/* Begin PBXVariantGroup section */
		6BE3AF8D1D299A7600076F50 /* LaunchScreen.storyboard */ = {
			isa = PBXVariantGroup;
			children = (
				6BE3AF8E1D299A7600076F50 /* Base */,
			);
			name = LaunchScreen.storyboard;
			path = ..;
			sourceTree = "<group>";
		};
/* End PBXVariantGroup section */

/* Begin XCBuildConfiguration section */
		6BE3AFA71D299A7700076F50 /* Debug */ = {
			isa = XCBuildConfiguration;
			buildSettings = {
				ALWAYS_SEARCH_USER_PATHS = NO;
				CLANG_ANALYZER_NONNULL = YES;
				CLANG_CXX_LANGUAGE_STANDARD = "gnu++0x";
				CLANG_CXX_LIBRARY = "libc++";
				CLANG_ENABLE_MODULES = YES;
				CLANG_ENABLE_OBJC_ARC = YES;
				CLANG_WARN_BOOL_CONVERSION = YES;
				CLANG_WARN_CONSTANT_CONVERSION = YES;
				CLANG_WARN_DIRECT_OBJC_ISA_USAGE = YES_ERROR;
				CLANG_WARN_EMPTY_BODY = YES;
				CLANG_WARN_ENUM_CONVERSION = YES;
				CLANG_WARN_INFINITE_RECURSION = YES;
				CLANG_WARN_INT_CONVERSION = YES;
				CLANG_WARN_OBJC_ROOT_CLASS = YES_ERROR;
				CLANG_WARN_SUSPICIOUS_MOVE = YES;
				CLANG_WARN_UNREACHABLE_CODE = YES;
				CLANG_WARN__DUPLICATE_METHOD_MATCH = YES;
				"CODE_SIGN_IDENTITY[sdk=iphoneos*]" = "iPhone Developer";
				COPY_PHASE_STRIP = NO;
				DEBUG_INFORMATION_FORMAT = dwarf;
				ENABLE_STRICT_OBJC_MSGSEND = YES;
				ENABLE_TESTABILITY = YES;
				GCC_C_LANGUAGE_STANDARD = gnu99;
				GCC_DYNAMIC_NO_PIC = NO;
				GCC_NO_COMMON_BLOCKS = YES;
				GCC_OPTIMIZATION_LEVEL = 0;
				GCC_PREPROCESSOR_DEFINITIONS = (
					"DEBUG=1",
					"$(inherited)",
				);
				GCC_WARN_64_TO_32_BIT_CONVERSION = YES;
				GCC_WARN_ABOUT_RETURN_TYPE = YES_ERROR;
				GCC_WARN_UNDECLARED_SELECTOR = YES;
				GCC_WARN_UNINITIALIZED_AUTOS = YES_AGGRESSIVE;
				GCC_WARN_UNUSED_FUNCTION = YES;
				GCC_WARN_UNUSED_VARIABLE = YES;
				IPHONEOS_DEPLOYMENT_TARGET = 9.3;
				MTL_ENABLE_DEBUG_INFO = YES;
				ONLY_ACTIVE_ARCH = YES;
				SDKROOT = iphoneos;
				SWIFT_OPTIMIZATION_LEVEL = "-Onone";
				TARGETED_DEVICE_FAMILY = "1,2";
			};
			name = Debug;
		};
		6BE3AFA81D299A7700076F50 /* Release */ = {
			isa = XCBuildConfiguration;
			buildSettings = {
				ALWAYS_SEARCH_USER_PATHS = NO;
				CLANG_ANALYZER_NONNULL = YES;
				CLANG_CXX_LANGUAGE_STANDARD = "gnu++0x";
				CLANG_CXX_LIBRARY = "libc++";
				CLANG_ENABLE_MODULES = YES;
				CLANG_ENABLE_OBJC_ARC = YES;
				CLANG_WARN_BOOL_CONVERSION = YES;
				CLANG_WARN_CONSTANT_CONVERSION = YES;
				CLANG_WARN_DIRECT_OBJC_ISA_USAGE = YES_ERROR;
				CLANG_WARN_EMPTY_BODY = YES;
				CLANG_WARN_ENUM_CONVERSION = YES;
				CLANG_WARN_INFINITE_RECURSION = YES;
				CLANG_WARN_INT_CONVERSION = YES;
				CLANG_WARN_OBJC_ROOT_CLASS = YES_ERROR;
				CLANG_WARN_SUSPICIOUS_MOVE = YES;
				CLANG_WARN_UNREACHABLE_CODE = YES;
				CLANG_WARN__DUPLICATE_METHOD_MATCH = YES;
				"CODE_SIGN_IDENTITY[sdk=iphoneos*]" = "iPhone Developer";
				COPY_PHASE_STRIP = NO;
				DEBUG_INFORMATION_FORMAT = "dwarf-with-dsym";
				ENABLE_NS_ASSERTIONS = NO;
				ENABLE_STRICT_OBJC_MSGSEND = YES;
				GCC_C_LANGUAGE_STANDARD = gnu99;
				GCC_NO_COMMON_BLOCKS = YES;
				GCC_WARN_64_TO_32_BIT_CONVERSION = YES;
				GCC_WARN_ABOUT_RETURN_TYPE = YES_ERROR;
				GCC_WARN_UNDECLARED_SELECTOR = YES;
				GCC_WARN_UNINITIALIZED_AUTOS = YES_AGGRESSIVE;
				GCC_WARN_UNUSED_FUNCTION = YES;
				GCC_WARN_UNUSED_VARIABLE = YES;
				IPHONEOS_DEPLOYMENT_TARGET = 9.3;
				MTL_ENABLE_DEBUG_INFO = NO;
				SDKROOT = iphoneos;
				SWIFT_OPTIMIZATION_LEVEL = "-Owholemodule";
				TARGETED_DEVICE_FAMILY = "1,2";
				VALIDATE_PRODUCT = YES;
			};
			name = Release;
		};
		6BE3AFAA1D299A7700076F50 /* Debug */ = {
			isa = XCBuildConfiguration;
			buildSettings = {
				ASSETCATALOG_COMPILER_APPICON_NAME = AppIcon;
				ASSETCATALOG_COMPILER_LAUNCHIMAGE_NAME = LaunchImage;
				DEVELOPMENT_TEAM = 9N8WSR7KDY;
				FRAMEWORK_SEARCH_PATHS = (
					"$(inherited)",
					"$(PROJECT_DIR)/Carthage/Build/iOS",
				);
				INFOPLIST_FILE = LoLSkins/Info.plist;
				IPHONEOS_DEPLOYMENT_TARGET = 10.3;
				LD_RUNPATH_SEARCH_PATHS = "$(inherited) @executable_path/Frameworks";
				PRODUCT_BUNDLE_IDENTIFIER = ZGR.GuiseOfLegends;
				PRODUCT_NAME = "$(TARGET_NAME)";
				SWIFT_VERSION = 3.0;
				TARGETED_DEVICE_FAMILY = 1;
			};
			name = Debug;
		};
		6BE3AFAB1D299A7700076F50 /* Release */ = {
			isa = XCBuildConfiguration;
			buildSettings = {
				ASSETCATALOG_COMPILER_APPICON_NAME = AppIcon;
				ASSETCATALOG_COMPILER_LAUNCHIMAGE_NAME = LaunchImage;
				DEVELOPMENT_TEAM = 9N8WSR7KDY;
				FRAMEWORK_SEARCH_PATHS = (
					"$(inherited)",
					"$(PROJECT_DIR)/Carthage/Build/iOS",
				);
				INFOPLIST_FILE = LoLSkins/Info.plist;
				IPHONEOS_DEPLOYMENT_TARGET = 10.3;
				LD_RUNPATH_SEARCH_PATHS = "$(inherited) @executable_path/Frameworks";
				PRODUCT_BUNDLE_IDENTIFIER = ZGR.GuiseOfLegends;
				PRODUCT_NAME = "$(TARGET_NAME)";
				SWIFT_VERSION = 3.0;
				TARGETED_DEVICE_FAMILY = 1;
			};
			name = Release;
		};
		6BE3AFAD1D299A7700076F50 /* Debug */ = {
			isa = XCBuildConfiguration;
			buildSettings = {
				BUNDLE_LOADER = "$(TEST_HOST)";
				DEVELOPMENT_TEAM = 9N8WSR7KDY;
				INFOPLIST_FILE = LoLSkinsTests/Info.plist;
				IPHONEOS_DEPLOYMENT_TARGET = 10.0;
				LD_RUNPATH_SEARCH_PATHS = "$(inherited) @executable_path/Frameworks @loader_path/Frameworks";
				PRODUCT_BUNDLE_IDENTIFIER = ZGR.LoLSkinsTests;
				PRODUCT_NAME = "$(TARGET_NAME)";
				SWIFT_VERSION = 3.0;
				TEST_HOST = "$(BUILT_PRODUCTS_DIR)/LoLSkins.app/LoLSkins";
			};
			name = Debug;
		};
		6BE3AFAE1D299A7700076F50 /* Release */ = {
			isa = XCBuildConfiguration;
			buildSettings = {
				BUNDLE_LOADER = "$(TEST_HOST)";
				DEVELOPMENT_TEAM = 9N8WSR7KDY;
				INFOPLIST_FILE = LoLSkinsTests/Info.plist;
				IPHONEOS_DEPLOYMENT_TARGET = 10.0;
				LD_RUNPATH_SEARCH_PATHS = "$(inherited) @executable_path/Frameworks @loader_path/Frameworks";
				PRODUCT_BUNDLE_IDENTIFIER = ZGR.LoLSkinsTests;
				PRODUCT_NAME = "$(TARGET_NAME)";
				SWIFT_VERSION = 3.0;
				TEST_HOST = "$(BUILT_PRODUCTS_DIR)/LoLSkins.app/LoLSkins";
			};
			name = Release;
		};
		6BE3AFB01D299A7700076F50 /* Debug */ = {
			isa = XCBuildConfiguration;
			buildSettings = {
				DEVELOPMENT_TEAM = 9N8WSR7KDY;
				INFOPLIST_FILE = LoLSkinsUITests/Info.plist;
				IPHONEOS_DEPLOYMENT_TARGET = 10.0;
				LD_RUNPATH_SEARCH_PATHS = "$(inherited) @executable_path/Frameworks @loader_path/Frameworks";
				PRODUCT_BUNDLE_IDENTIFIER = ZGR.LoLSkinsUITests;
				PRODUCT_NAME = "$(TARGET_NAME)";
				SWIFT_VERSION = 3.0;
				TEST_TARGET_NAME = LoLSkins;
			};
			name = Debug;
		};
		6BE3AFB11D299A7700076F50 /* Release */ = {
			isa = XCBuildConfiguration;
			buildSettings = {
				DEVELOPMENT_TEAM = 9N8WSR7KDY;
				INFOPLIST_FILE = LoLSkinsUITests/Info.plist;
				IPHONEOS_DEPLOYMENT_TARGET = 10.0;
				LD_RUNPATH_SEARCH_PATHS = "$(inherited) @executable_path/Frameworks @loader_path/Frameworks";
				PRODUCT_BUNDLE_IDENTIFIER = ZGR.LoLSkinsUITests;
				PRODUCT_NAME = "$(TARGET_NAME)";
				SWIFT_VERSION = 3.0;
				TEST_TARGET_NAME = LoLSkins;
			};
			name = Release;
		};
/* End XCBuildConfiguration section */

/* Begin XCConfigurationList section */
		6BE3AF7C1D299A7500076F50 /* Build configuration list for PBXProject "LoLSkins" */ = {
			isa = XCConfigurationList;
			buildConfigurations = (
				6BE3AFA71D299A7700076F50 /* Debug */,
				6BE3AFA81D299A7700076F50 /* Release */,
			);
			defaultConfigurationIsVisible = 0;
			defaultConfigurationName = Release;
		};
		6BE3AFA91D299A7700076F50 /* Build configuration list for PBXNativeTarget "LoLSkins" */ = {
			isa = XCConfigurationList;
			buildConfigurations = (
				6BE3AFAA1D299A7700076F50 /* Debug */,
				6BE3AFAB1D299A7700076F50 /* Release */,
			);
			defaultConfigurationIsVisible = 0;
			defaultConfigurationName = Release;
		};
		6BE3AFAC1D299A7700076F50 /* Build configuration list for PBXNativeTarget "LoLSkinsTests" */ = {
			isa = XCConfigurationList;
			buildConfigurations = (
				6BE3AFAD1D299A7700076F50 /* Debug */,
				6BE3AFAE1D299A7700076F50 /* Release */,
			);
			defaultConfigurationIsVisible = 0;
			defaultConfigurationName = Release;
		};
		6BE3AFAF1D299A7700076F50 /* Build configuration list for PBXNativeTarget "LoLSkinsUITests" */ = {
			isa = XCConfigurationList;
			buildConfigurations = (
				6BE3AFB01D299A7700076F50 /* Debug */,
				6BE3AFB11D299A7700076F50 /* Release */,
			);
			defaultConfigurationIsVisible = 0;
			defaultConfigurationName = Release;
		};
/* End XCConfigurationList section */
	};
	rootObject = 6BE3AF791D299A7500076F50 /* Project object */;
}
